PODS:
  - FlexLayout (1.3.11)
  - LayoutKit (10.0.1)
  - NKFrameLayoutKit (2.4)
  - NotAutoLayout (3.2.0)
  - PinLayout (1.8.6)
  - Reveal-SDK (19)

DEPENDENCIES:
  - FlexLayout
  - LayoutKit
  - NKFrameLayoutKit
  - NotAutoLayout
  - PinLayout
  - Reveal-SDK

SPEC REPOS:
  https://github.com/cocoapods/specs.git:
    - FlexLayout
    - LayoutKit
    - NKFrameLayoutKit
    - NotAutoLayout
    - PinLayout
    - Reveal-SDK

SPEC CHECKSUMS:
  FlexLayout: b008184d23aae0c56e1c916e803445a13a6f4e5a
  LayoutKit: 4e69fb0f1cc3e9c2a764b58f99e88004f5da861c
  NKFrameLayoutKit: c119f04a6ac305c7db5e29e1b856cee0e8a661bb
  NotAutoLayout: 4723ad82a21a7c6c60c823fff7f7c29467811b92
  PinLayout: fe2a2432d6982588e208572005c941aeeae417ab
  Reveal-SDK: 9f0d2c6c12eb7507921e5454ac165b7aa21140a4

PODFILE CHECKSUM: 3e63d42365b39b217c5809f0c7ebad9865d228e2

COCOAPODS: 1.5.3
