// !$*UTF8*$!
{
	archiveVersion = 1;
	classes = {
	};
	objectVersion = 46;
	objects = {

/* Begin PBXBuildFile section */
		1EA042AE86CAC947B8F37D51 /* Pods_LayoutFrameworkBenchmark.framework in Frameworks */ = {isa = PBXBuildFile; fileRef = 4F34489CA12B845548D7F17E /* Pods_LayoutFrameworkBenchmark.framework */; };
		2401BC811F4F018C00788998 /* BenchmarkViewController.swift in Sources */ = {isa = PBXBuildFile; fileRef = 2401BC751F4F018C00788998 /* BenchmarkViewController.swift */; };
		2401BC821F4F018C00788998 /* CollectionViewController.swift in Sources */ = {isa = PBXBuildFile; fileRef = 2401BC761F4F018C00788998 /* CollectionViewController.swift */; };
		2401BC831F4F018C00788998 /* DataBinder.swift in Sources */ = {isa = PBXBuildFile; fileRef = 2401BC771F4F018C00788998 /* DataBinder.swift */; };
		2401BC851F4F018C00788998 /* FeedItemData.swift in Sources */ = {isa = PBXBuildFile; fileRef = 2401BC791F4F018C00788998 /* FeedItemData.swift */; };
		2401BC8B1F4F018C00788998 /* Stopwatch.swift in Sources */ = {isa = PBXBuildFile; fileRef = 2401BC7F1F4F018C00788998 /* Stopwatch.swift */; };
		2401BC8F1F4F01D600788998 /* FeedItemLayoutKitView.swift in Sources */ = {isa = PBXBuildFile; fileRef = 2401BC8E1F4F01D600788998 /* FeedItemLayoutKitView.swift */; };
		2401BC941F4F021F00788998 /* FeedItemFlexLayoutView.swift in Sources */ = {isa = PBXBuildFile; fileRef = 2401BC931F4F021F00788998 /* FeedItemFlexLayoutView.swift */; };
		2401BC961F4F022900788998 /* FeedItemPinLayoutView.swift in Sources */ = {isa = PBXBuildFile; fileRef = 2401BC951F4F022900788998 /* FeedItemPinLayoutView.swift */; };
		2401BC991F4F029900788998 /* FeedItemLayout.swift in Sources */ = {isa = PBXBuildFile; fileRef = 2401BC981F4F029900788998 /* FeedItemLayout.swift */; };
		2401BC9B1F4F03B300788998 /* ProfileCardLayout.swift in Sources */ = {isa = PBXBuildFile; fileRef = 2401BC9A1F4F03B300788998 /* ProfileCardLayout.swift */; };
		2401BC9E1F4F042700788998 /* FeedItemManualView.swift in Sources */ = {isa = PBXBuildFile; fileRef = 2401BC9D1F4F042700788998 /* FeedItemManualView.swift */; };
		2401BCA11F4F044000788998 /* FeedItemUIStackView.swift in Sources */ = {isa = PBXBuildFile; fileRef = 2401BCA01F4F044000788998 /* FeedItemUIStackView.swift */; };
		2401BCA41F4F045F00788998 /* FeedItemAutoLayoutView.swift in Sources */ = {isa = PBXBuildFile; fileRef = 2401BCA31F4F045F00788998 /* FeedItemAutoLayoutView.swift */; };
		24661D001F4EFFF5002CB883 /* AppDelegate.swift in Sources */ = {isa = PBXBuildFile; fileRef = 24661CFF1F4EFFF5002CB883 /* AppDelegate.swift */; };
		24661D071F4EFFF5002CB883 /* Assets.xcassets in Resources */ = {isa = PBXBuildFile; fileRef = 24661D061F4EFFF5002CB883 /* Assets.xcassets */; };
		24661D0A1F4EFFF5002CB883 /* LaunchScreen.storyboard in Resources */ = {isa = PBXBuildFile; fileRef = 24661D081F4EFFF5002CB883 /* LaunchScreen.storyboard */; };
		639E5A2020DF62D700C6BCEA /* NKFrameLayoutKitView.swift in Sources */ = {isa = PBXBuildFile; fileRef = 639E5A1F20DF62D700C6BCEA /* NKFrameLayoutKitView.swift */; };
		BF3DC69820B560A400536177 /* FeedItemNotAutoLayoutView.swift in Sources */ = {isa = PBXBuildFile; fileRef = BF3DC69720B560A400536177 /* FeedItemNotAutoLayoutView.swift */; };
/* End PBXBuildFile section */

/* Begin PBXFileReference section */
		1A3C4D1FF88A9395CE622CF2 /* Pods-LayoutFrameworkBenchmark.release.xcconfig */ = {isa = PBXFileReference; includeInIndex = 1; lastKnownFileType = text.xcconfig; name = "Pods-LayoutFrameworkBenchmark.release.xcconfig"; path = "Pods/Target Support Files/Pods-LayoutFrameworkBenchmark/Pods-LayoutFrameworkBenchmark.release.xcconfig"; sourceTree = "<group>"; };
		2401BC751F4F018C00788998 /* BenchmarkViewController.swift */ = {isa = PBXFileReference; fileEncoding = 4; lastKnownFileType = sourcecode.swift; name = BenchmarkViewController.swift; path = Benchmarks/BenchmarkViewController.swift; sourceTree = "<group>"; };
		2401BC761F4F018C00788998 /* CollectionViewController.swift */ = {isa = PBXFileReference; fileEncoding = 4; lastKnownFileType = sourcecode.swift; name = CollectionViewController.swift; path = Benchmarks/CollectionViewController.swift; sourceTree = "<group>"; };
		2401BC771F4F018C00788998 /* DataBinder.swift */ = {isa = PBXFileReference; fileEncoding = 4; lastKnownFileType = sourcecode.swift; name = DataBinder.swift; path = Benchmarks/DataBinder.swift; sourceTree = "<group>"; };
		2401BC791F4F018C00788998 /* FeedItemData.swift */ = {isa = PBXFileReference; fileEncoding = 4; lastKnownFileType = sourcecode.swift; name = FeedItemData.swift; path = Benchmarks/FeedItemData.swift; sourceTree = "<group>"; };
		2401BC7F1F4F018C00788998 /* Stopwatch.swift */ = {isa = PBXFileReference; fileEncoding = 4; lastKnownFileType = sourcecode.swift; name = Stopwatch.swift; path = Benchmarks/Stopwatch.swift; sourceTree = "<group>"; };
		2401BC8E1F4F01D600788998 /* FeedItemLayoutKitView.swift */ = {isa = PBXFileReference; fileEncoding = 4; lastKnownFileType = sourcecode.swift; name = FeedItemLayoutKitView.swift; path = Benchmarks/LayoutKit/FeedItemLayoutKitView.swift; sourceTree = "<group>"; };
		2401BC931F4F021F00788998 /* FeedItemFlexLayoutView.swift */ = {isa = PBXFileReference; fileEncoding = 4; lastKnownFileType = sourcecode.swift; name = FeedItemFlexLayoutView.swift; path = Benchmarks/FlexLayout/FeedItemFlexLayoutView.swift; sourceTree = "<group>"; };
		2401BC951F4F022900788998 /* FeedItemPinLayoutView.swift */ = {isa = PBXFileReference; fileEncoding = 4; lastKnownFileType = sourcecode.swift; name = FeedItemPinLayoutView.swift; path = Benchmarks/PinLayout/FeedItemPinLayoutView.swift; sourceTree = "<group>"; };
		2401BC981F4F029900788998 /* FeedItemLayout.swift */ = {isa = PBXFileReference; fileEncoding = 4; lastKnownFileType = sourcecode.swift; name = FeedItemLayout.swift; path = Benchmarks/LayoutKit/Layouts/FeedItemLayout.swift; sourceTree = "<group>"; };
		2401BC9A1F4F03B300788998 /* ProfileCardLayout.swift */ = {isa = PBXFileReference; fileEncoding = 4; lastKnownFileType = sourcecode.swift; name = ProfileCardLayout.swift; path = Benchmarks/LayoutKit/Layouts/ProfileCardLayout.swift; sourceTree = "<group>"; };
		2401BC9D1F4F042700788998 /* FeedItemManualView.swift */ = {isa = PBXFileReference; fileEncoding = 4; lastKnownFileType = sourcecode.swift; name = FeedItemManualView.swift; path = Benchmarks/ManualLayout/FeedItemManualView.swift; sourceTree = "<group>"; };
		2401BCA01F4F044000788998 /* FeedItemUIStackView.swift */ = {isa = PBXFileReference; fileEncoding = 4; lastKnownFileType = sourcecode.swift; name = FeedItemUIStackView.swift; path = Benchmarks/UIStackView/FeedItemUIStackView.swift; sourceTree = "<group>"; };
		2401BCA31F4F045F00788998 /* FeedItemAutoLayoutView.swift */ = {isa = PBXFileReference; fileEncoding = 4; lastKnownFileType = sourcecode.swift; name = FeedItemAutoLayoutView.swift; path = Benchmarks/AutoLayout/FeedItemAutoLayoutView.swift; sourceTree = "<group>"; };
		24661CFC1F4EFFF5002CB883 /* LayoutFrameworkBenchmark.app */ = {isa = PBXFileReference; explicitFileType = wrapper.application; includeInIndex = 0; path = LayoutFrameworkBenchmark.app; sourceTree = BUILT_PRODUCTS_DIR; };
		24661CFF1F4EFFF5002CB883 /* AppDelegate.swift */ = {isa = PBXFileReference; lastKnownFileType = sourcecode.swift; path = AppDelegate.swift; sourceTree = "<group>"; };
		24661D061F4EFFF5002CB883 /* Assets.xcassets */ = {isa = PBXFileReference; lastKnownFileType = folder.assetcatalog; path = Assets.xcassets; sourceTree = "<group>"; };
		24661D091F4EFFF5002CB883 /* Base */ = {isa = PBXFileReference; lastKnownFileType = file.storyboard; name = Base; path = Base.lproj/LaunchScreen.storyboard; sourceTree = "<group>"; };
		24661D0B1F4EFFF5002CB883 /* Info.plist */ = {isa = PBXFileReference; lastKnownFileType = text.plist.xml; path = Info.plist; sourceTree = "<group>"; };
		4F34489CA12B845548D7F17E /* Pods_LayoutFrameworkBenchmark.framework */ = {isa = PBXFileReference; explicitFileType = wrapper.framework; includeInIndex = 0; path = Pods_LayoutFrameworkBenchmark.framework; sourceTree = BUILT_PRODUCTS_DIR; };
		639E5A1F20DF62D700C6BCEA /* NKFrameLayoutKitView.swift */ = {isa = PBXFileReference; lastKnownFileType = sourcecode.swift; path = NKFrameLayoutKitView.swift; sourceTree = "<group>"; };
		73BD901DE3512A23A7603899 /* Pods-LayoutFrameworkBenchmark.debug.xcconfig */ = {isa = PBXFileReference; includeInIndex = 1; lastKnownFileType = text.xcconfig; name = "Pods-LayoutFrameworkBenchmark.debug.xcconfig"; path = "Pods/Target Support Files/Pods-LayoutFrameworkBenchmark/Pods-LayoutFrameworkBenchmark.debug.xcconfig"; sourceTree = "<group>"; };
		BF3DC69720B560A400536177 /* FeedItemNotAutoLayoutView.swift */ = {isa = PBXFileReference; lastKnownFileType = sourcecode.swift; path = FeedItemNotAutoLayoutView.swift; sourceTree = "<group>"; };
/* End PBXFileReference section */

/* Begin PBXFrameworksBuildPhase section */
		24661CF91F4EFFF5002CB883 /* Frameworks */ = {
			isa = PBXFrameworksBuildPhase;
			buildActionMask = 2147483647;
			files = (
				1EA042AE86CAC947B8F37D51 /* Pods_LayoutFrameworkBenchmark.framework in Frameworks */,
			);
			runOnlyForDeploymentPostprocessing = 0;
		};
/* End PBXFrameworksBuildPhase section */

/* Begin PBXGroup section */
		2401BC741F4F017D00788998 /* Benchmarks */ = {
			isa = PBXGroup;
			children = (
				2401BCA21F4F045600788998 /* AutoLayout */,
				2401BC921F4F020D00788998 /* FlexLayout */,
				2401BC8D1F4F01CC00788998 /* LayoutKit */,
				2401BC9C1F4F041400788998 /* ManualLayout */,
				BF3DC69620B5608000536177 /* NotAutoLayout */,
				2401BC911F4F020600788998 /* PinLayout */,
				2401BC9F1F4F043800788998 /* UIStackView */,
				639E5A1E20DF620D00C6BCEA /* NKFrameLayoutKit */,
				2401BC751F4F018C00788998 /* BenchmarkViewController.swift */,
				2401BC761F4F018C00788998 /* CollectionViewController.swift */,
				2401BC771F4F018C00788998 /* DataBinder.swift */,
				2401BC791F4F018C00788998 /* FeedItemData.swift */,
				2401BC7F1F4F018C00788998 /* Stopwatch.swift */,
			);
			name = Benchmarks;
			sourceTree = "<group>";
		};
		2401BC8D1F4F01CC00788998 /* LayoutKit */ = {
			isa = PBXGroup;
			children = (
				2401BC901F4F01DB00788998 /* Layouts */,
				2401BC8E1F4F01D600788998 /* FeedItemLayoutKitView.swift */,
				2401BC9A1F4F03B300788998 /* ProfileCardLayout.swift */,
			);
			name = LayoutKit;
			sourceTree = "<group>";
		};
		2401BC901F4F01DB00788998 /* Layouts */ = {
			isa = PBXGroup;
			children = (
				2401BC981F4F029900788998 /* FeedItemLayout.swift */,
			);
			name = Layouts;
			sourceTree = "<group>";
		};
		2401BC911F4F020600788998 /* PinLayout */ = {
			isa = PBXGroup;
			children = (
				2401BC951F4F022900788998 /* FeedItemPinLayoutView.swift */,
			);
			name = PinLayout;
			sourceTree = "<group>";
		};
		2401BC921F4F020D00788998 /* FlexLayout */ = {
			isa = PBXGroup;
			children = (
				2401BC931F4F021F00788998 /* FeedItemFlexLayoutView.swift */,
			);
			name = FlexLayout;
			sourceTree = "<group>";
		};
		2401BC9C1F4F041400788998 /* ManualLayout */ = {
			isa = PBXGroup;
			children = (
				2401BC9D1F4F042700788998 /* FeedItemManualView.swift */,
			);
			name = ManualLayout;
			sourceTree = "<group>";
		};
		2401BC9F1F4F043800788998 /* UIStackView */ = {
			isa = PBXGroup;
			children = (
				2401BCA01F4F044000788998 /* FeedItemUIStackView.swift */,
			);
			name = UIStackView;
			sourceTree = "<group>";
		};
		2401BCA21F4F045600788998 /* AutoLayout */ = {
			isa = PBXGroup;
			children = (
				2401BCA31F4F045F00788998 /* FeedItemAutoLayoutView.swift */,
			);
			name = AutoLayout;
			sourceTree = "<group>";
		};
		24661CF31F4EFFF5002CB883 = {
			isa = PBXGroup;
			children = (
				24661CFE1F4EFFF5002CB883 /* LayoutFrameworkBenchmark */,
				24661CFD1F4EFFF5002CB883 /* Products */,
				768A1E2833724B1530888DF2 /* Pods */,
				8056A3D1484FA641948E8180 /* Frameworks */,
			);
			sourceTree = "<group>";
		};
		24661CFD1F4EFFF5002CB883 /* Products */ = {
			isa = PBXGroup;
			children = (
				24661CFC1F4EFFF5002CB883 /* LayoutFrameworkBenchmark.app */,
			);
			name = Products;
			sourceTree = "<group>";
		};
		24661CFE1F4EFFF5002CB883 /* LayoutFrameworkBenchmark */ = {
			isa = PBXGroup;
			children = (
				2401BC741F4F017D00788998 /* Benchmarks */,
				24661CFF1F4EFFF5002CB883 /* AppDelegate.swift */,
				24661D061F4EFFF5002CB883 /* Assets.xcassets */,
				24661D081F4EFFF5002CB883 /* LaunchScreen.storyboard */,
				24661D0B1F4EFFF5002CB883 /* Info.plist */,
			);
			path = LayoutFrameworkBenchmark;
			sourceTree = "<group>";
		};
		639E5A1E20DF620D00C6BCEA /* NKFrameLayoutKit */ = {
			isa = PBXGroup;
			children = (
				639E5A1F20DF62D700C6BCEA /* NKFrameLayoutKitView.swift */,
			);
			name = NKFrameLayoutKit;
			path = Benchmarks/NKFrameLayoutKit;
			sourceTree = "<group>";
		};
		768A1E2833724B1530888DF2 /* Pods */ = {
			isa = PBXGroup;
			children = (
				73BD901DE3512A23A7603899 /* Pods-LayoutFrameworkBenchmark.debug.xcconfig */,
				1A3C4D1FF88A9395CE622CF2 /* Pods-LayoutFrameworkBenchmark.release.xcconfig */,
			);
			name = Pods;
			sourceTree = "<group>";
		};
		8056A3D1484FA641948E8180 /* Frameworks */ = {
			isa = PBXGroup;
			children = (
				4F34489CA12B845548D7F17E /* Pods_LayoutFrameworkBenchmark.framework */,
			);
			name = Frameworks;
			sourceTree = "<group>";
		};
		BF3DC69620B5608000536177 /* NotAutoLayout */ = {
			isa = PBXGroup;
			children = (
				BF3DC69720B560A400536177 /* FeedItemNotAutoLayoutView.swift */,
			);
			name = NotAutoLayout;
			sourceTree = "<group>";
		};
/* End PBXGroup section */

/* Begin PBXNativeTarget section */
		24661CFB1F4EFFF5002CB883 /* LayoutFrameworkBenchmark */ = {
			isa = PBXNativeTarget;
			buildConfigurationList = 24661D0E1F4EFFF5002CB883 /* Build configuration list for PBXNativeTarget "LayoutFrameworkBenchmark" */;
			buildPhases = (
				FB2DF4C2068AD4C560959816 /* [CP] Check Pods Manifest.lock */,
				24661CF81F4EFFF5002CB883 /* Sources */,
				24661CF91F4EFFF5002CB883 /* Frameworks */,
				24661CFA1F4EFFF5002CB883 /* Resources */,
				84A6AA5174E802B10D43854E /* [CP] Embed Pods Frameworks */,
			);
			buildRules = (
			);
			dependencies = (
			);
			name = LayoutFrameworkBenchmark;
			productName = LayoutFrameworkBenchmark;
			productReference = 24661CFC1F4EFFF5002CB883 /* LayoutFrameworkBenchmark.app */;
			productType = "com.apple.product-type.application";
		};
/* End PBXNativeTarget section */

/* Begin PBXProject section */
		24661CF41F4EFFF5002CB883 /* Project object */ = {
			isa = PBXProject;
			attributes = {
				LastSwiftUpdateCheck = 0830;
				LastUpgradeCheck = 0940;
				TargetAttributes = {
					24661CFB1F4EFFF5002CB883 = {
						CreatedOnToolsVersion = 8.3.2;
						DevelopmentTeam = 385YL4KG69;
						LastSwiftMigration = 0920;
						ProvisioningStyle = Automatic;
					};
				};
			};
			buildConfigurationList = 24661CF71F4EFFF5002CB883 /* Build configuration list for PBXProject "LayoutFrameworkBenchmark" */;
			compatibilityVersion = "Xcode 3.2";
			developmentRegion = English;
			hasScannedForEncodings = 0;
			knownRegions = (
				en,
				Base,
			);
			mainGroup = 24661CF31F4EFFF5002CB883;
			productRefGroup = 24661CFD1F4EFFF5002CB883 /* Products */;
			projectDirPath = "";
			projectRoot = "";
			targets = (
				24661CFB1F4EFFF5002CB883 /* LayoutFrameworkBenchmark */,
			);
		};
/* End PBXProject section */

/* Begin PBXResourcesBuildPhase section */
		24661CFA1F4EFFF5002CB883 /* Resources */ = {
			isa = PBXResourcesBuildPhase;
			buildActionMask = 2147483647;
			files = (
				24661D0A1F4EFFF5002CB883 /* LaunchScreen.storyboard in Resources */,
				24661D071F4EFFF5002CB883 /* Assets.xcassets in Resources */,
			);
			runOnlyForDeploymentPostprocessing = 0;
		};
/* End PBXResourcesBuildPhase section */

/* Begin PBXShellScriptBuildPhase section */
		84A6AA5174E802B10D43854E /* [CP] Embed Pods Frameworks */ = {
			isa = PBXShellScriptBuildPhase;
			buildActionMask = 2147483647;
			files = (
			);
			inputPaths = (
				"${SRCROOT}/Pods/Target Support Files/Pods-LayoutFrameworkBenchmark/Pods-LayoutFrameworkBenchmark-frameworks.sh",
				"${BUILT_PRODUCTS_DIR}/FlexLayout/FlexLayout.framework",
				"${BUILT_PRODUCTS_DIR}/LayoutKit/LayoutKit.framework",
				"${BUILT_PRODUCTS_DIR}/NKFrameLayoutKit/NKFrameLayoutKit.framework",
				"${BUILT_PRODUCTS_DIR}/NotAutoLayout/NotAutoLayout.framework",
				"${BUILT_PRODUCTS_DIR}/PinLayout/PinLayout.framework",
				"${PODS_ROOT}/Reveal-SDK/RevealServer-14/iOS/RevealServer.framework",
			);
			name = "[CP] Embed Pods Frameworks";
			outputPaths = (
				"${TARGET_BUILD_DIR}/${FRAMEWORKS_FOLDER_PATH}/FlexLayout.framework",
				"${TARGET_BUILD_DIR}/${FRAMEWORKS_FOLDER_PATH}/LayoutKit.framework",
				"${TARGET_BUILD_DIR}/${FRAMEWORKS_FOLDER_PATH}/NKFrameLayoutKit.framework",
				"${TARGET_BUILD_DIR}/${FRAMEWORKS_FOLDER_PATH}/NotAutoLayout.framework",
				"${TARGET_BUILD_DIR}/${FRAMEWORKS_FOLDER_PATH}/PinLayout.framework",
				"${TARGET_BUILD_DIR}/${FRAMEWORKS_FOLDER_PATH}/RevealServer.framework",
			);
			runOnlyForDeploymentPostprocessing = 0;
			shellPath = /bin/sh;
			shellScript = "\"${SRCROOT}/Pods/Target Support Files/Pods-LayoutFrameworkBenchmark/Pods-LayoutFrameworkBenchmark-frameworks.sh\"\n";
			showEnvVarsInLog = 0;
		};
		FB2DF4C2068AD4C560959816 /* [CP] Check Pods Manifest.lock */ = {
			isa = PBXShellScriptBuildPhase;
			buildActionMask = 2147483647;
			files = (
			);
			inputPaths = (
				"${PODS_PODFILE_DIR_PATH}/Podfile.lock",
				"${PODS_ROOT}/Manifest.lock",
			);
			name = "[CP] Check Pods Manifest.lock";
			outputPaths = (
				"$(DERIVED_FILE_DIR)/Pods-LayoutFrameworkBenchmark-checkManifestLockResult.txt",
			);
			runOnlyForDeploymentPostprocessing = 0;
			shellPath = /bin/sh;
			shellScript = "diff \"${PODS_PODFILE_DIR_PATH}/Podfile.lock\" \"${PODS_ROOT}/Manifest.lock\" > /dev/null\nif [ $? != 0 ] ; then\n    # print error to STDERR\n    echo \"error: The sandbox is not in sync with the Podfile.lock. Run 'pod install' or update your CocoaPods installation.\" >&2\n    exit 1\nfi\n# This output is used by Xcode 'outputs' to avoid re-running this script phase.\necho \"SUCCESS\" > \"${SCRIPT_OUTPUT_FILE_0}\"\n";
			showEnvVarsInLog = 0;
		};
/* End PBXShellScriptBuildPhase section */

/* Begin PBXSourcesBuildPhase section */
		24661CF81F4EFFF5002CB883 /* Sources */ = {
			isa = PBXSourcesBuildPhase;
			buildActionMask = 2147483647;
			files = (
				2401BCA11F4F044000788998 /* FeedItemUIStackView.swift in Sources */,
				2401BC8B1F4F018C00788998 /* Stopwatch.swift in Sources */,
				2401BC8F1F4F01D600788998 /* FeedItemLayoutKitView.swift in Sources */,
				2401BC851F4F018C00788998 /* FeedItemData.swift in Sources */,
				2401BC831F4F018C00788998 /* DataBinder.swift in Sources */,
				2401BC961F4F022900788998 /* FeedItemPinLayoutView.swift in Sources */,
				2401BC821F4F018C00788998 /* CollectionViewController.swift in Sources */,
				2401BC9E1F4F042700788998 /* FeedItemManualView.swift in Sources */,
				2401BC811F4F018C00788998 /* BenchmarkViewController.swift in Sources */,
				BF3DC69820B560A400536177 /* FeedItemNotAutoLayoutView.swift in Sources */,
				639E5A2020DF62D700C6BCEA /* NKFrameLayoutKitView.swift in Sources */,
				2401BC9B1F4F03B300788998 /* ProfileCardLayout.swift in Sources */,
				2401BC941F4F021F00788998 /* FeedItemFlexLayoutView.swift in Sources */,
				2401BCA41F4F045F00788998 /* FeedItemAutoLayoutView.swift in Sources */,
				24661D001F4EFFF5002CB883 /* AppDelegate.swift in Sources */,
				2401BC991F4F029900788998 /* FeedItemLayout.swift in Sources */,
			);
			runOnlyForDeploymentPostprocessing = 0;
		};
/* End PBXSourcesBuildPhase section */

/* Begin PBXVariantGroup section */
		24661D081F4EFFF5002CB883 /* LaunchScreen.storyboard */ = {
			isa = PBXVariantGroup;
			children = (
				24661D091F4EFFF5002CB883 /* Base */,
			);
			name = LaunchScreen.storyboard;
			sourceTree = "<group>";
		};
/* End PBXVariantGroup section */

/* Begin XCBuildConfiguration section */
		24661D0C1F4EFFF5002CB883 /* Debug */ = {
			isa = XCBuildConfiguration;
			buildSettings = {
				ALWAYS_SEARCH_USER_PATHS = NO;
				CLANG_ANALYZER_NONNULL = YES;
				CLANG_ANALYZER_NUMBER_OBJECT_CONVERSION = YES_AGGRESSIVE;
				CLANG_CXX_LANGUAGE_STANDARD = "gnu++0x";
				CLANG_CXX_LIBRARY = "libc++";
				CLANG_ENABLE_MODULES = YES;
				CLANG_ENABLE_OBJC_ARC = YES;
				CLANG_WARN_BLOCK_CAPTURE_AUTORELEASING = YES;
				CLANG_WARN_BOOL_CONVERSION = YES;
				CLANG_WARN_COMMA = YES;
				CLANG_WARN_CONSTANT_CONVERSION = YES;
				CLANG_WARN_DEPRECATED_OBJC_IMPLEMENTATIONS = YES;
				CLANG_WARN_DIRECT_OBJC_ISA_USAGE = YES_ERROR;
				CLANG_WARN_DOCUMENTATION_COMMENTS = YES;
				CLANG_WARN_EMPTY_BODY = YES;
				CLANG_WARN_ENUM_CONVERSION = YES;
				CLANG_WARN_INFINITE_RECURSION = YES;
				CLANG_WARN_INT_CONVERSION = YES;
				CLANG_WARN_NON_LITERAL_NULL_CONVERSION = YES;
				CLANG_WARN_OBJC_IMPLICIT_RETAIN_SELF = YES;
				CLANG_WARN_OBJC_LITERAL_CONVERSION = YES;
				CLANG_WARN_OBJC_ROOT_CLASS = YES_ERROR;
				CLANG_WARN_RANGE_LOOP_ANALYSIS = YES;
				CLANG_WARN_STRICT_PROTOTYPES = YES;
				CLANG_WARN_SUSPICIOUS_MOVE = YES;
				CLANG_WARN_UNREACHABLE_CODE = YES;
				CLANG_WARN__DUPLICATE_METHOD_MATCH = YES;
				"CODE_SIGN_IDENTITY[sdk=iphoneos*]" = "iPhone Developer";
				COPY_PHASE_STRIP = NO;
				DEBUG_INFORMATION_FORMAT = dwarf;
				ENABLE_STRICT_OBJC_MSGSEND = YES;
				ENABLE_TESTABILITY = YES;
				GCC_C_LANGUAGE_STANDARD = gnu99;
				GCC_DYNAMIC_NO_PIC = NO;
				GCC_NO_COMMON_BLOCKS = YES;
				GCC_OPTIMIZATION_LEVEL = 0;
				GCC_PREPROCESSOR_DEFINITIONS = (
					"DEBUG=1",
					"$(inherited)",
				);
				GCC_WARN_64_TO_32_BIT_CONVERSION = YES;
				GCC_WARN_ABOUT_RETURN_TYPE = YES_ERROR;
				GCC_WARN_UNDECLARED_SELECTOR = YES;
				GCC_WARN_UNINITIALIZED_AUTOS = YES_AGGRESSIVE;
				GCC_WARN_UNUSED_FUNCTION = YES;
				GCC_WARN_UNUSED_VARIABLE = YES;
				IPHONEOS_DEPLOYMENT_TARGET = 9.0;
				MTL_ENABLE_DEBUG_INFO = YES;
				ONLY_ACTIVE_ARCH = YES;
				SDKROOT = iphoneos;
				SWIFT_ACTIVE_COMPILATION_CONDITIONS = DEBUG;
				SWIFT_OPTIMIZATION_LEVEL = "-Onone";
				TARGETED_DEVICE_FAMILY = "1,2";
			};
			name = Debug;
		};
		24661D0D1F4EFFF5002CB883 /* Release */ = {
			isa = XCBuildConfiguration;
			buildSettings = {
				ALWAYS_SEARCH_USER_PATHS = NO;
				CLANG_ANALYZER_NONNULL = YES;
				CLANG_ANALYZER_NUMBER_OBJECT_CONVERSION = YES_AGGRESSIVE;
				CLANG_CXX_LANGUAGE_STANDARD = "gnu++0x";
				CLANG_CXX_LIBRARY = "libc++";
				CLANG_ENABLE_MODULES = YES;
				CLANG_ENABLE_OBJC_ARC = YES;
				CLANG_WARN_BLOCK_CAPTURE_AUTORELEASING = YES;
				CLANG_WARN_BOOL_CONVERSION = YES;
				CLANG_WARN_COMMA = YES;
				CLANG_WARN_CONSTANT_CONVERSION = YES;
				CLANG_WARN_DEPRECATED_OBJC_IMPLEMENTATIONS = YES;
				CLANG_WARN_DIRECT_OBJC_ISA_USAGE = YES_ERROR;
				CLANG_WARN_DOCUMENTATION_COMMENTS = YES;
				CLANG_WARN_EMPTY_BODY = YES;
				CLANG_WARN_ENUM_CONVERSION = YES;
				CLANG_WARN_INFINITE_RECURSION = YES;
				CLANG_WARN_INT_CONVERSION = YES;
				CLANG_WARN_NON_LITERAL_NULL_CONVERSION = YES;
				CLANG_WARN_OBJC_IMPLICIT_RETAIN_SELF = YES;
				CLANG_WARN_OBJC_LITERAL_CONVERSION = YES;
				CLANG_WARN_OBJC_ROOT_CLASS = YES_ERROR;
				CLANG_WARN_RANGE_LOOP_ANALYSIS = YES;
				CLANG_WARN_STRICT_PROTOTYPES = YES;
				CLANG_WARN_SUSPICIOUS_MOVE = YES;
				CLANG_WARN_UNREACHABLE_CODE = YES;
				CLANG_WARN__DUPLICATE_METHOD_MATCH = YES;
				"CODE_SIGN_IDENTITY[sdk=iphoneos*]" = "iPhone Developer";
				COPY_PHASE_STRIP = NO;
				DEBUG_INFORMATION_FORMAT = "dwarf-with-dsym";
				ENABLE_NS_ASSERTIONS = NO;
				ENABLE_STRICT_OBJC_MSGSEND = YES;
				GCC_C_LANGUAGE_STANDARD = gnu99;
				GCC_NO_COMMON_BLOCKS = YES;
				GCC_WARN_64_TO_32_BIT_CONVERSION = YES;
				GCC_WARN_ABOUT_RETURN_TYPE = YES_ERROR;
				GCC_WARN_UNDECLARED_SELECTOR = YES;
				GCC_WARN_UNINITIALIZED_AUTOS = YES_AGGRESSIVE;
				GCC_WARN_UNUSED_FUNCTION = YES;
				GCC_WARN_UNUSED_VARIABLE = YES;
				IPHONEOS_DEPLOYMENT_TARGET = 9.0;
				MTL_ENABLE_DEBUG_INFO = NO;
				SDKROOT = iphoneos;
				SWIFT_OPTIMIZATION_LEVEL = "-Owholemodule";
				TARGETED_DEVICE_FAMILY = "1,2";
				VALIDATE_PRODUCT = YES;
			};
			name = Release;
		};
		24661D0F1F4EFFF5002CB883 /* Debug */ = {
			isa = XCBuildConfiguration;
			baseConfigurationReference = 73BD901DE3512A23A7603899 /* Pods-LayoutFrameworkBenchmark.debug.xcconfig */;
			buildSettings = {
				ASSETCATALOG_COMPILER_APPICON_NAME = AppIcon;
				"CODE_SIGN_IDENTITY[sdk=iphoneos*]" = "iPhone Developer";
				DEVELOPMENT_TEAM = 385YL4KG69;
				INFOPLIST_FILE = LayoutFrameworkBenchmark/Info.plist;
				LD_RUNPATH_SEARCH_PATHS = "$(inherited) @executable_path/Frameworks";
				PRODUCT_BUNDLE_IDENTIFIER = com.lucdion.LayoutFrameworkBenchmark;
				PRODUCT_NAME = "$(TARGET_NAME)";
				PROVISIONING_PROFILE_SPECIFIER = "";
				SWIFT_SWIFT3_OBJC_INFERENCE = Default;
				SWIFT_VERSION = 4.0;
			};
			name = Debug;
		};
		24661D101F4EFFF5002CB883 /* Release */ = {
			isa = XCBuildConfiguration;
			baseConfigurationReference = 1A3C4D1FF88A9395CE622CF2 /* Pods-LayoutFrameworkBenchmark.release.xcconfig */;
			buildSettings = {
				ASSETCATALOG_COMPILER_APPICON_NAME = AppIcon;
				"CODE_SIGN_IDENTITY[sdk=iphoneos*]" = "iPhone Developer";
				DEVELOPMENT_TEAM = 385YL4KG69;
				INFOPLIST_FILE = LayoutFrameworkBenchmark/Info.plist;
				LD_RUNPATH_SEARCH_PATHS = "$(inherited) @executable_path/Frameworks";
				PRODUCT_BUNDLE_IDENTIFIER = com.lucdion.LayoutFrameworkBenchmark;
				PRODUCT_NAME = "$(TARGET_NAME)";
				PROVISIONING_PROFILE_SPECIFIER = "";
				SWIFT_SWIFT3_OBJC_INFERENCE = Default;
				SWIFT_VERSION = 4.0;
			};
			name = Release;
		};
/* End XCBuildConfiguration section */

/* Begin XCConfigurationList section */
		24661CF71F4EFFF5002CB883 /* Build configuration list for PBXProject "LayoutFrameworkBenchmark" */ = {
			isa = XCConfigurationList;
			buildConfigurations = (
				24661D0C1F4EFFF5002CB883 /* Debug */,
				24661D0D1F4EFFF5002CB883 /* Release */,
			);
			defaultConfigurationIsVisible = 0;
			defaultConfigurationName = Release;
		};
		24661D0E1F4EFFF5002CB883 /* Build configuration list for PBXNativeTarget "LayoutFrameworkBenchmark" */ = {
			isa = XCConfigurationList;
			buildConfigurations = (
				24661D0F1F4EFFF5002CB883 /* Debug */,
				24661D101F4EFFF5002CB883 /* Release */,
			);
			defaultConfigurationIsVisible = 0;
			defaultConfigurationName = Release;
		};
/* End XCConfigurationList section */
	};
	rootObject = 24661CF41F4EFFF5002CB883 /* Project object */;
}
