// !$*UTF8*$!
{
	archiveVersion = 1;
	classes = {
	};
	objectVersion = 46;
	objects = {

/* Begin PBXBuildFile section */
		24661D001F4EFFF5002CB883 /* AppDelegate.swift in Sources */ = {isa = PBXBuildFile; fileRef = 24661CFF1F4EFFF5002CB883 /* AppDelegate.swift */; };
		24661D021F4EFFF5002CB883 /* ViewController.swift in Sources */ = {isa = PBXBuildFile; fileRef = 24661D011F4EFFF5002CB883 /* ViewController.swift */; };
		24661D051F4EFFF5002CB883 /* Main.storyboard in Resources */ = {isa = PBXBuildFile; fileRef = 24661D031F4EFFF5002CB883 /* Main.storyboard */; };
		24661D071F4EFFF5002CB883 /* Assets.xcassets in Resources */ = {isa = PBXBuildFile; fileRef = 24661D061F4EFFF5002CB883 /* Assets.xcassets */; };
		24661D0A1F4EFFF5002CB883 /* LaunchScreen.storyboard in Resources */ = {isa = PBXBuildFile; fileRef = 24661D081F4EFFF5002CB883 /* LaunchScreen.storyboard */; };
/* End PBXBuildFile section */

/* Begin PBXFileReference section */
		24661CFC1F4EFFF5002CB883 /* LayoutFrameworkBenchmark.app */ = {isa = PBXFileReference; explicitFileType = wrapper.application; includeInIndex = 0; path = LayoutFrameworkBenchmark.app; sourceTree = BUILT_PRODUCTS_DIR; };
		24661CFF1F4EFFF5002CB883 /* AppDelegate.swift */ = {isa = PBXFileReference; lastKnownFileType = sourcecode.swift; path = AppDelegate.swift; sourceTree = "<group>"; };
		24661D011F4EFFF5002CB883 /* ViewController.swift */ = {isa = PBXFileReference; lastKnownFileType = sourcecode.swift; path = ViewController.swift; sourceTree = "<group>"; };
		24661D041F4EFFF5002CB883 /* Base */ = {isa = PBXFileReference; lastKnownFileType = file.storyboard; name = Base; path = Base.lproj/Main.storyboard; sourceTree = "<group>"; };
		24661D061F4EFFF5002CB883 /* Assets.xcassets */ = {isa = PBXFileReference; lastKnownFileType = folder.assetcatalog; path = Assets.xcassets; sourceTree = "<group>"; };
		24661D091F4EFFF5002CB883 /* Base */ = {isa = PBXFileReference; lastKnownFileType = file.storyboard; name = Base; path = Base.lproj/LaunchScreen.storyboard; sourceTree = "<group>"; };
		24661D0B1F4EFFF5002CB883 /* Info.plist */ = {isa = PBXFileReference; lastKnownFileType = text.plist.xml; path = Info.plist; sourceTree = "<group>"; };
/* End PBXFileReference section */

/* Begin PBXFrameworksBuildPhase section */
		24661CF91F4EFFF5002CB883 /* Frameworks */ = {
			isa = PBXFrameworksBuildPhase;
			buildActionMask = 2147483647;
			files = (
			);
			runOnlyForDeploymentPostprocessing = 0;
		};
/* End PBXFrameworksBuildPhase section */

/* Begin PBXGroup section */
		24661CF31F4EFFF5002CB883 = {
			isa = PBXGroup;
			children = (
				24661CFE1F4EFFF5002CB883 /* LayoutFrameworkBenchmark */,
				24661CFD1F4EFFF5002CB883 /* Products */,
			);
			sourceTree = "<group>";
		};
		24661CFD1F4EFFF5002CB883 /* Products */ = {
			isa = PBXGroup;
			children = (
				24661CFC1F4EFFF5002CB883 /* LayoutFrameworkBenchmark.app */,
			);
			name = Products;
			sourceTree = "<group>";
		};
		24661CFE1F4EFFF5002CB883 /* LayoutFrameworkBenchmark */ = {
			isa = PBXGroup;
			children = (
				24661CFF1F4EFFF5002CB883 /* AppDelegate.swift */,
				24661D011F4EFFF5002CB883 /* ViewController.swift */,
				24661D031F4EFFF5002CB883 /* Main.storyboard */,
				24661D061F4EFFF5002CB883 /* Assets.xcassets */,
				24661D081F4EFFF5002CB883 /* LaunchScreen.storyboard */,
				24661D0B1F4EFFF5002CB883 /* Info.plist */,
			);
			path = LayoutFrameworkBenchmark;
			sourceTree = "<group>";
		};
/* End PBXGroup section */

/* Begin PBXNativeTarget section */
		24661CFB1F4EFFF5002CB883 /* LayoutFrameworkBenchmark */ = {
			isa = PBXNativeTarget;
			buildConfigurationList = 24661D0E1F4EFFF5002CB883 /* Build configuration list for PBXNativeTarget "LayoutFrameworkBenchmark" */;
			buildPhases = (
				24661CF81F4EFFF5002CB883 /* Sources */,
				24661CF91F4EFFF5002CB883 /* Frameworks */,
				24661CFA1F4EFFF5002CB883 /* Resources */,
			);
			buildRules = (
			);
			dependencies = (
			);
			name = LayoutFrameworkBenchmark;
			productName = LayoutFrameworkBenchmark;
			productReference = 24661CFC1F4EFFF5002CB883 /* LayoutFrameworkBenchmark.app */;
			productType = "com.apple.product-type.application";
		};
/* End PBXNativeTarget section */

/* Begin PBXProject section */
		24661CF41F4EFFF5002CB883 /* Project object */ = {
			isa = PBXProject;
			attributes = {
				LastSwiftUpdateCheck = 0830;
				LastUpgradeCheck = 0830;
				TargetAttributes = {
					24661CFB1F4EFFF5002CB883 = {
						CreatedOnToolsVersion = 8.3.2;
						DevelopmentTeam = F37Y9H9E46;
						ProvisioningStyle = Automatic;
					};
				};
			};
			buildConfigurationList = 24661CF71F4EFFF5002CB883 /* Build configuration list for PBXProject "LayoutFrameworkBenchmark" */;
			compatibilityVersion = "Xcode 3.2";
			developmentRegion = English;
			hasScannedForEncodings = 0;
			knownRegions = (
				en,
				Base,
			);
			mainGroup = 24661CF31F4EFFF5002CB883;
			productRefGroup = 24661CFD1F4EFFF5002CB883 /* Products */;
			projectDirPath = "";
			projectRoot = "";
			targets = (
				24661CFB1F4EFFF5002CB883 /* LayoutFrameworkBenchmark */,
			);
		};
/* End PBXProject section */

/* Begin PBXResourcesBuildPhase section */
		24661CFA1F4EFFF5002CB883 /* Resources */ = {
			isa = PBXResourcesBuildPhase;
			buildActionMask = 2147483647;
			files = (
				24661D0A1F4EFFF5002CB883 /* LaunchScreen.storyboard in Resources */,
				24661D071F4EFFF5002CB883 /* Assets.xcassets in Resources */,
				24661D051F4EFFF5002CB883 /* Main.storyboard in Resources */,
			);
			runOnlyForDeploymentPostprocessing = 0;
		};
/* End PBXResourcesBuildPhase section */

/* Begin PBXSourcesBuildPhase section */
		24661CF81F4EFFF5002CB883 /* Sources */ = {
			isa = PBXSourcesBuildPhase;
			buildActionMask = 2147483647;
			files = (
				24661D021F4EFFF5002CB883 /* ViewController.swift in Sources */,
				24661D001F4EFFF5002CB883 /* AppDelegate.swift in Sources */,
			);
			runOnlyForDeploymentPostprocessing = 0;
		};
/* End PBXSourcesBuildPhase section */

/* Begin PBXVariantGroup section */
		24661D031F4EFFF5002CB883 /* Main.storyboard */ = {
			isa = PBXVariantGroup;
			children = (
				24661D041F4EFFF5002CB883 /* Base */,
			);
			name = Main.storyboard;
			sourceTree = "<group>";
		};
		24661D081F4EFFF5002CB883 /* LaunchScreen.storyboard */ = {
			isa = PBXVariantGroup;
			children = (
				24661D091F4EFFF5002CB883 /* Base */,
			);
			name = LaunchScreen.storyboard;
			sourceTree = "<group>";
		};
/* End PBXVariantGroup section */

/* Begin XCBuildConfiguration section */
		24661D0C1F4EFFF5002CB883 /* Debug */ = {
			isa = XCBuildConfiguration;
			buildSettings = {
				ALWAYS_SEARCH_USER_PATHS = NO;
				CLANG_ANALYZER_NONNULL = YES;
				CLANG_ANALYZER_NUMBER_OBJECT_CONVERSION = YES_AGGRESSIVE;
				CLANG_CXX_LANGUAGE_STANDARD = "gnu++0x";
				CLANG_CXX_LIBRARY = "libc++";
				CLANG_ENABLE_MODULES = YES;
				CLANG_ENABLE_OBJC_ARC = YES;
				CLANG_WARN_BOOL_CONVERSION = YES;
				CLANG_WARN_CONSTANT_CONVERSION = YES;
				CLANG_WARN_DIRECT_OBJC_ISA_USAGE = YES_ERROR;
				CLANG_WARN_DOCUMENTATION_COMMENTS = YES;
				CLANG_WARN_EMPTY_BODY = YES;
				CLANG_WARN_ENUM_CONVERSION = YES;
				CLANG_WARN_INFINITE_RECURSION = YES;
				CLANG_WARN_INT_CONVERSION = YES;
				CLANG_WARN_OBJC_ROOT_CLASS = YES_ERROR;
				CLANG_WARN_SUSPICIOUS_MOVE = YES;
				CLANG_WARN_UNREACHABLE_CODE = YES;
				CLANG_WARN__DUPLICATE_METHOD_MATCH = YES;
				"CODE_SIGN_IDENTITY[sdk=iphoneos*]" = "iPhone Developer";
				COPY_PHASE_STRIP = NO;
				DEBUG_INFORMATION_FORMAT = dwarf;
				ENABLE_STRICT_OBJC_MSGSEND = YES;
				ENABLE_TESTABILITY = YES;
				GCC_C_LANGUAGE_STANDARD = gnu99;
				GCC_DYNAMIC_NO_PIC = NO;
				GCC_NO_COMMON_BLOCKS = YES;
				GCC_OPTIMIZATION_LEVEL = 0;
				GCC_PREPROCESSOR_DEFINITIONS = (
					"DEBUG=1",
					"$(inherited)",
				);
				GCC_WARN_64_TO_32_BIT_CONVERSION = YES;
				GCC_WARN_ABOUT_RETURN_TYPE = YES_ERROR;
				GCC_WARN_UNDECLARED_SELECTOR = YES;
				GCC_WARN_UNINITIALIZED_AUTOS = YES_AGGRESSIVE;
				GCC_WARN_UNUSED_FUNCTION = YES;
				GCC_WARN_UNUSED_VARIABLE = YES;
				IPHONEOS_DEPLOYMENT_TARGET = 10.3;
				MTL_ENABLE_DEBUG_INFO = YES;
				ONLY_ACTIVE_ARCH = YES;
				SDKROOT = iphoneos;
				SWIFT_ACTIVE_COMPILATION_CONDITIONS = DEBUG;
				SWIFT_OPTIMIZATION_LEVEL = "-Onone";
				TARGETED_DEVICE_FAMILY = "1,2";
			};
			name = Debug;
		};
		24661D0D1F4EFFF5002CB883 /* Release */ = {
			isa = XCBuildConfiguration;
			buildSettings = {
				ALWAYS_SEARCH_USER_PATHS = NO;
				CLANG_ANALYZER_NONNULL = YES;
				CLANG_ANALYZER_NUMBER_OBJECT_CONVERSION = YES_AGGRESSIVE;
				CLANG_CXX_LANGUAGE_STANDARD = "gnu++0x";
				CLANG_CXX_LIBRARY = "libc++";
				CLANG_ENABLE_MODULES = YES;
				CLANG_ENABLE_OBJC_ARC = YES;
				CLANG_WARN_BOOL_CONVERSION = YES;
				CLANG_WARN_CONSTANT_CONVERSION = YES;
				CLANG_WARN_DIRECT_OBJC_ISA_USAGE = YES_ERROR;
				CLANG_WARN_DOCUMENTATION_COMMENTS = YES;
				CLANG_WARN_EMPTY_BODY = YES;
				CLANG_WARN_ENUM_CONVERSION = YES;
				CLANG_WARN_INFINITE_RECURSION = YES;
				CLANG_WARN_INT_CONVERSION = YES;
				CLANG_WARN_OBJC_ROOT_CLASS = YES_ERROR;
				CLANG_WARN_SUSPICIOUS_MOVE = YES;
				CLANG_WARN_UNREACHABLE_CODE = YES;
				CLANG_WARN__DUPLICATE_METHOD_MATCH = YES;
				"CODE_SIGN_IDENTITY[sdk=iphoneos*]" = "iPhone Developer";
				COPY_PHASE_STRIP = NO;
				DEBUG_INFORMATION_FORMAT = "dwarf-with-dsym";
				ENABLE_NS_ASSERTIONS = NO;
				ENABLE_STRICT_OBJC_MSGSEND = YES;
				GCC_C_LANGUAGE_STANDARD = gnu99;
				GCC_NO_COMMON_BLOCKS = YES;
				GCC_WARN_64_TO_32_BIT_CONVERSION = YES;
				GCC_WARN_ABOUT_RETURN_TYPE = YES_ERROR;
				GCC_WARN_UNDECLARED_SELECTOR = YES;
				GCC_WARN_UNINITIALIZED_AUTOS = YES_AGGRESSIVE;
				GCC_WARN_UNUSED_FUNCTION = YES;
				GCC_WARN_UNUSED_VARIABLE = YES;
				IPHONEOS_DEPLOYMENT_TARGET = 10.3;
				MTL_ENABLE_DEBUG_INFO = NO;
				SDKROOT = iphoneos;
				SWIFT_OPTIMIZATION_LEVEL = "-Owholemodule";
				TARGETED_DEVICE_FAMILY = "1,2";
				VALIDATE_PRODUCT = YES;
			};
			name = Release;
		};
		24661D0F1F4EFFF5002CB883 /* Debug */ = {
			isa = XCBuildConfiguration;
			buildSettings = {
				ASSETCATALOG_COMPILER_APPICON_NAME = AppIcon;
				DEVELOPMENT_TEAM = F37Y9H9E46;
				INFOPLIST_FILE = LayoutFrameworkBenchmark/Info.plist;
				LD_RUNPATH_SEARCH_PATHS = "$(inherited) @executable_path/Frameworks";
				PRODUCT_BUNDLE_IDENTIFIER = com.lucdion.LayoutFrameworkBenchmark;
				PRODUCT_NAME = "$(TARGET_NAME)";
				SWIFT_VERSION = 3.0;
			};
			name = Debug;
		};
		24661D101F4EFFF5002CB883 /* Release */ = {
			isa = XCBuildConfiguration;
			buildSettings = {
				ASSETCATALOG_COMPILER_APPICON_NAME = AppIcon;
				DEVELOPMENT_TEAM = F37Y9H9E46;
				INFOPLIST_FILE = LayoutFrameworkBenchmark/Info.plist;
				LD_RUNPATH_SEARCH_PATHS = "$(inherited) @executable_path/Frameworks";
				PRODUCT_BUNDLE_IDENTIFIER = com.lucdion.LayoutFrameworkBenchmark;
				PRODUCT_NAME = "$(TARGET_NAME)";
				SWIFT_VERSION = 3.0;
			};
			name = Release;
		};
/* End XCBuildConfiguration section */

/* Begin XCConfigurationList section */
		24661CF71F4EFFF5002CB883 /* Build configuration list for PBXProject "LayoutFrameworkBenchmark" */ = {
			isa = XCConfigurationList;
			buildConfigurations = (
				24661D0C1F4EFFF5002CB883 /* Debug */,
				24661D0D1F4EFFF5002CB883 /* Release */,
			);
			defaultConfigurationIsVisible = 0;
			defaultConfigurationName = Release;
		};
		24661D0E1F4EFFF5002CB883 /* Build configuration list for PBXNativeTarget "LayoutFrameworkBenchmark" */ = {
			isa = XCConfigurationList;
			buildConfigurations = (
				24661D0F1F4EFFF5002CB883 /* Debug */,
				24661D101F4EFFF5002CB883 /* Release */,
			);
			defaultConfigurationIsVisible = 0;
		};
/* End XCConfigurationList section */
	};
	rootObject = 24661CF41F4EFFF5002CB883 /* Project object */;
}
